// !$*UTF8*$!
{
	archiveVersion = 1;
	classes = {
	};
	objectVersion = 55;
	objects = {

/* Begin PBXBuildFile section */
		8BDAB554992A8AB212999322 /* Pods_ReceiptRecordV4_ReceiptRecordV4UITests.framework in Frameworks */ = {isa = PBXBuildFile; fileRef = 24C61D90214FF76A2C33B4A3 /* Pods_ReceiptRecordV4_ReceiptRecordV4UITests.framework */; };
		D12D19982812ABCC00CD06DA /* MultiSelectInputField.swift in Sources */ = {isa = PBXBuildFile; fileRef = D12D19972812ABCC00CD06DA /* MultiSelectInputField.swift */; };
		D16F7CEE28105D0E005B8FDC /* OverlayManager.swift in Sources */ = {isa = PBXBuildFile; fileRef = D16F7CED28105D0E005B8FDC /* OverlayManager.swift */; };
		D172F4672800645B002A72BE /* Pods_ReceiptRecordV4.framework in Frameworks */ = {isa = PBXBuildFile; fileRef = 6AB197AB2D60CA4F926A45EA /* Pods_ReceiptRecordV4.framework */; };
		D1986E1D2803DE76003298FD /* TableReceiptCollectionViewCell.swift in Sources */ = {isa = PBXBuildFile; fileRef = D1986E1B2803DE76003298FD /* TableReceiptCollectionViewCell.swift */; };
		D1986E1E2803DE76003298FD /* TableReceiptCollectionViewCell.xib in Resources */ = {isa = PBXBuildFile; fileRef = D1986E1C2803DE76003298FD /* TableReceiptCollectionViewCell.xib */; };
		D1986E20280471BF003298FD /* DetailVC.swift in Sources */ = {isa = PBXBuildFile; fileRef = D1986E1F280471BF003298FD /* DetailVC.swift */; };
		D1986E22280476DD003298FD /* ImageFullScreenVC.swift in Sources */ = {isa = PBXBuildFile; fileRef = D1986E21280476DD003298FD /* ImageFullScreenVC.swift */; };
		D1AFD3DA27F2CFFC00045AAB /* Oswald-VariableFont_wght.ttf in Resources */ = {isa = PBXBuildFile; fileRef = D1AFD3D927F2CFFC00045AAB /* Oswald-VariableFont_wght.ttf */; };
		D1AFD3DD27F2D4F000045AAB /* Main.storyboard in Resources */ = {isa = PBXBuildFile; fileRef = D1AFD3DB27F2D4F000045AAB /* Main.storyboard */; };
		D1AFD3DE27F2D4F000045AAB /* LaunchScreen.storyboard in Resources */ = {isa = PBXBuildFile; fileRef = D1AFD3DC27F2D4F000045AAB /* LaunchScreen.storyboard */; };
		D1AFD3E027F2EF1F00045AAB /* RoundedTabBarController.swift in Sources */ = {isa = PBXBuildFile; fileRef = D1AFD3DF27F2EF1F00045AAB /* RoundedTabBarController.swift */; };
		D1AFD3E427F3017900045AAB /* TableReceiptViewCell.swift in Sources */ = {isa = PBXBuildFile; fileRef = D1AFD3E227F3017900045AAB /* TableReceiptViewCell.swift */; };
		D1AFD3E527F3017900045AAB /* TableReceiptViewCell.xib in Resources */ = {isa = PBXBuildFile; fileRef = D1AFD3E327F3017900045AAB /* TableReceiptViewCell.xib */; };
		D1D2B76927F0AAC4005E7C8D /* MenuController.swift in Sources */ = {isa = PBXBuildFile; fileRef = D1F85F9727F0A6A4004A1B0C /* MenuController.swift */; };
		D1D2B77127F0AB66005E7C8D /* ReceiptRecordManager.swift in Sources */ = {isa = PBXBuildFile; fileRef = D1D2B76F27F0AB66005E7C8D /* ReceiptRecordManager.swift */; };
		D1D2B77227F0AB66005E7C8D /* FirebaseManager.swift in Sources */ = {isa = PBXBuildFile; fileRef = D1D2B77027F0AB66005E7C8D /* FirebaseManager.swift */; };
		D1D2B77D27F0AB8A005E7C8D /* Logging.swift in Sources */ = {isa = PBXBuildFile; fileRef = D1D2B77427F0AB8A005E7C8D /* Logging.swift */; };
		D1D2B77E27F0AB8A005E7C8D /* NotionSecureRequest.swift in Sources */ = {isa = PBXBuildFile; fileRef = D1D2B77527F0AB8A005E7C8D /* NotionSecureRequest.swift */; };
		D1D2B77F27F0AB8A005E7C8D /* NotionService.swift in Sources */ = {isa = PBXBuildFile; fileRef = D1D2B77627F0AB8A005E7C8D /* NotionService.swift */; };
		D1D2B78027F0AB8A005E7C8D /* FirebaseService.swift in Sources */ = {isa = PBXBuildFile; fileRef = D1D2B77727F0AB8A005E7C8D /* FirebaseService.swift */; };
		D1D2B78127F0AB8A005E7C8D /* Preference.swift in Sources */ = {isa = PBXBuildFile; fileRef = D1D2B77827F0AB8A005E7C8D /* Preference.swift */; };
		D1D2B78227F0AB8A005E7C8D /* ReceiptRecord.swift in Sources */ = {isa = PBXBuildFile; fileRef = D1D2B77A27F0AB8A005E7C8D /* ReceiptRecord.swift */; };
		D1D2B78327F0AB8A005E7C8D /* Database.swift in Sources */ = {isa = PBXBuildFile; fileRef = D1D2B77B27F0AB8A005E7C8D /* Database.swift */; };
		D1D2B78427F0AB8A005E7C8D /* Filter.swift in Sources */ = {isa = PBXBuildFile; fileRef = D1D2B77C27F0AB8A005E7C8D /* Filter.swift */; };
		D1D2B78D27F0ABD5005E7C8D /* String.swift in Sources */ = {isa = PBXBuildFile; fileRef = D1D2B78B27F0ABD5005E7C8D /* String.swift */; };
		D1D2B78E27F0ABD5005E7C8D /* UIImage.swift in Sources */ = {isa = PBXBuildFile; fileRef = D1D2B78C27F0ABD5005E7C8D /* UIImage.swift */; };
		D1D2B79227F19CA8005E7C8D /* GoogleService-Info.plist in Resources */ = {isa = PBXBuildFile; fileRef = D1D2B79127F19CA8005E7C8D /* GoogleService-Info.plist */; };
		D1D2B79527F19F3A005E7C8D /* DatabaseVM.swift in Sources */ = {isa = PBXBuildFile; fileRef = D1D2B79427F19F3A005E7C8D /* DatabaseVM.swift */; };
		D1D2B79727F1B2D6005E7C8D /* ReceiptRecordVM.swift in Sources */ = {isa = PBXBuildFile; fileRef = D1D2B79627F1B2D6005E7C8D /* ReceiptRecordVM.swift */; };
		D1DBE19227F3176D00A1BEAA /* UIView.swift in Sources */ = {isa = PBXBuildFile; fileRef = D1DBE19127F3176D00A1BEAA /* UIView.swift */; };
		D1DBE19427F48DB300A1BEAA /* UIColor.swift in Sources */ = {isa = PBXBuildFile; fileRef = D1DBE19327F48DB300A1BEAA /* UIColor.swift */; };
		D1DBE19627F4975B00A1BEAA /* AddMainController.swift in Sources */ = {isa = PBXBuildFile; fileRef = D1DBE19527F4975B00A1BEAA /* AddMainController.swift */; };
		D1DBE19827F49C5400A1BEAA /* AddSubController.swift in Sources */ = {isa = PBXBuildFile; fileRef = D1DBE19727F49C5400A1BEAA /* AddSubController.swift */; };
		D1DBE19B27F4A91900A1BEAA /* HeaderViewCell.swift in Sources */ = {isa = PBXBuildFile; fileRef = D1DBE19927F4A91900A1BEAA /* HeaderViewCell.swift */; };
		D1DBE19C27F4A91900A1BEAA /* HeaderViewCell.xib in Resources */ = {isa = PBXBuildFile; fileRef = D1DBE19A27F4A91900A1BEAA /* HeaderViewCell.xib */; };
		D1DBE19E27F86F2000A1BEAA /* UILabel.swift in Sources */ = {isa = PBXBuildFile; fileRef = D1DBE19D27F86F2000A1BEAA /* UILabel.swift */; };
		D1DBE1A127F8784700A1BEAA /* ColorCode.swift in Sources */ = {isa = PBXBuildFile; fileRef = D1DBE1A027F8784700A1BEAA /* ColorCode.swift */; };
		D1F85F9427F0A6A4004A1B0C /* AppDelegate.swift in Sources */ = {isa = PBXBuildFile; fileRef = D1F85F9327F0A6A4004A1B0C /* AppDelegate.swift */; };
		D1F85F9627F0A6A4004A1B0C /* SceneDelegate.swift in Sources */ = {isa = PBXBuildFile; fileRef = D1F85F9527F0A6A4004A1B0C /* SceneDelegate.swift */; };
		D1F85FA027F0A6A7004A1B0C /* Assets.xcassets in Resources */ = {isa = PBXBuildFile; fileRef = D1F85F9F27F0A6A7004A1B0C /* Assets.xcassets */; };
		D1F85FAE27F0A6A7004A1B0C /* ReceiptRecordV4Tests.swift in Sources */ = {isa = PBXBuildFile; fileRef = D1F85FAD27F0A6A7004A1B0C /* ReceiptRecordV4Tests.swift */; };
		D1F85FB827F0A6A7004A1B0C /* ReceiptRecordV4UITests.swift in Sources */ = {isa = PBXBuildFile; fileRef = D1F85FB727F0A6A7004A1B0C /* ReceiptRecordV4UITests.swift */; };
		D1F85FBA27F0A6A7004A1B0C /* ReceiptRecordV4UITestsLaunchTests.swift in Sources */ = {isa = PBXBuildFile; fileRef = D1F85FB927F0A6A7004A1B0C /* ReceiptRecordV4UITestsLaunchTests.swift */; };
		F42DA12A6DD53EDC37B9FD7E /* Pods_ReceiptRecordV4Tests.framework in Frameworks */ = {isa = PBXBuildFile; fileRef = AB7A82B8EB14581B158179A5 /* Pods_ReceiptRecordV4Tests.framework */; };
/* End PBXBuildFile section */

/* Begin PBXContainerItemProxy section */
		D1F85FAA27F0A6A7004A1B0C /* PBXContainerItemProxy */ = {
			isa = PBXContainerItemProxy;
			containerPortal = D1F85F8827F0A6A4004A1B0C /* Project object */;
			proxyType = 1;
			remoteGlobalIDString = D1F85F8F27F0A6A4004A1B0C;
			remoteInfo = ReceiptRecordV4;
		};
		D1F85FB427F0A6A7004A1B0C /* PBXContainerItemProxy */ = {
			isa = PBXContainerItemProxy;
			containerPortal = D1F85F8827F0A6A4004A1B0C /* Project object */;
			proxyType = 1;
			remoteGlobalIDString = D1F85F8F27F0A6A4004A1B0C;
			remoteInfo = ReceiptRecordV4;
		};
/* End PBXContainerItemProxy section */

/* Begin PBXFileReference section */
		0B2B8214F72D5090BDE3B2BB /* Pods-ReceiptRecordV4-ReceiptRecordV4UITests.debug.xcconfig */ = {isa = PBXFileReference; includeInIndex = 1; lastKnownFileType = text.xcconfig; name = "Pods-ReceiptRecordV4-ReceiptRecordV4UITests.debug.xcconfig"; path = "Target Support Files/Pods-ReceiptRecordV4-ReceiptRecordV4UITests/Pods-ReceiptRecordV4-ReceiptRecordV4UITests.debug.xcconfig"; sourceTree = "<group>"; };
		24C61D90214FF76A2C33B4A3 /* Pods_ReceiptRecordV4_ReceiptRecordV4UITests.framework */ = {isa = PBXFileReference; explicitFileType = wrapper.framework; includeInIndex = 0; path = Pods_ReceiptRecordV4_ReceiptRecordV4UITests.framework; sourceTree = BUILT_PRODUCTS_DIR; };
		309863057F7D1B61BCA979A1 /* Pods-ReceiptRecordV4.debug.xcconfig */ = {isa = PBXFileReference; includeInIndex = 1; lastKnownFileType = text.xcconfig; name = "Pods-ReceiptRecordV4.debug.xcconfig"; path = "Target Support Files/Pods-ReceiptRecordV4/Pods-ReceiptRecordV4.debug.xcconfig"; sourceTree = "<group>"; };
		6AB197AB2D60CA4F926A45EA /* Pods_ReceiptRecordV4.framework */ = {isa = PBXFileReference; explicitFileType = wrapper.framework; includeInIndex = 0; path = Pods_ReceiptRecordV4.framework; sourceTree = BUILT_PRODUCTS_DIR; };
		7194398D67C81EA959FA3C31 /* Pods-ReceiptRecordV4-ReceiptRecordV4UITests.release.xcconfig */ = {isa = PBXFileReference; includeInIndex = 1; lastKnownFileType = text.xcconfig; name = "Pods-ReceiptRecordV4-ReceiptRecordV4UITests.release.xcconfig"; path = "Target Support Files/Pods-ReceiptRecordV4-ReceiptRecordV4UITests/Pods-ReceiptRecordV4-ReceiptRecordV4UITests.release.xcconfig"; sourceTree = "<group>"; };
		87A76A7B694A3F6CB00757B8 /* Pods-ReceiptRecordV4.release.xcconfig */ = {isa = PBXFileReference; includeInIndex = 1; lastKnownFileType = text.xcconfig; name = "Pods-ReceiptRecordV4.release.xcconfig"; path = "Target Support Files/Pods-ReceiptRecordV4/Pods-ReceiptRecordV4.release.xcconfig"; sourceTree = "<group>"; };
		88FF4C983FAE00A9A79619ED /* Pods-ReceiptRecordV4Tests.debug.xcconfig */ = {isa = PBXFileReference; includeInIndex = 1; lastKnownFileType = text.xcconfig; name = "Pods-ReceiptRecordV4Tests.debug.xcconfig"; path = "Target Support Files/Pods-ReceiptRecordV4Tests/Pods-ReceiptRecordV4Tests.debug.xcconfig"; sourceTree = "<group>"; };
		AB7A82B8EB14581B158179A5 /* Pods_ReceiptRecordV4Tests.framework */ = {isa = PBXFileReference; explicitFileType = wrapper.framework; includeInIndex = 0; path = Pods_ReceiptRecordV4Tests.framework; sourceTree = BUILT_PRODUCTS_DIR; };
		D12D19972812ABCC00CD06DA /* MultiSelectInputField.swift */ = {isa = PBXFileReference; lastKnownFileType = sourcecode.swift; path = MultiSelectInputField.swift; sourceTree = "<group>"; };
		D16F7CED28105D0E005B8FDC /* OverlayManager.swift */ = {isa = PBXFileReference; lastKnownFileType = sourcecode.swift; path = OverlayManager.swift; sourceTree = "<group>"; };
		D1986E1B2803DE76003298FD /* TableReceiptCollectionViewCell.swift */ = {isa = PBXFileReference; lastKnownFileType = sourcecode.swift; path = TableReceiptCollectionViewCell.swift; sourceTree = "<group>"; };
		D1986E1C2803DE76003298FD /* TableReceiptCollectionViewCell.xib */ = {isa = PBXFileReference; lastKnownFileType = file.xib; path = TableReceiptCollectionViewCell.xib; sourceTree = "<group>"; };
		D1986E1F280471BF003298FD /* DetailVC.swift */ = {isa = PBXFileReference; lastKnownFileType = sourcecode.swift; path = DetailVC.swift; sourceTree = "<group>"; };
		D1986E21280476DD003298FD /* ImageFullScreenVC.swift */ = {isa = PBXFileReference; lastKnownFileType = sourcecode.swift; path = ImageFullScreenVC.swift; sourceTree = "<group>"; };
		D1AFD3D927F2CFFC00045AAB /* Oswald-VariableFont_wght.ttf */ = {isa = PBXFileReference; lastKnownFileType = file; path = "Oswald-VariableFont_wght.ttf"; sourceTree = "<group>"; };
		D1AFD3DB27F2D4F000045AAB /* Main.storyboard */ = {isa = PBXFileReference; fileEncoding = 4; lastKnownFileType = file.storyboard; path = Main.storyboard; sourceTree = "<group>"; };
		D1AFD3DC27F2D4F000045AAB /* LaunchScreen.storyboard */ = {isa = PBXFileReference; fileEncoding = 4; lastKnownFileType = file.storyboard; path = LaunchScreen.storyboard; sourceTree = "<group>"; };
		D1AFD3DF27F2EF1F00045AAB /* RoundedTabBarController.swift */ = {isa = PBXFileReference; lastKnownFileType = sourcecode.swift; path = RoundedTabBarController.swift; sourceTree = "<group>"; };
		D1AFD3E227F3017900045AAB /* TableReceiptViewCell.swift */ = {isa = PBXFileReference; lastKnownFileType = sourcecode.swift; path = TableReceiptViewCell.swift; sourceTree = "<group>"; };
		D1AFD3E327F3017900045AAB /* TableReceiptViewCell.xib */ = {isa = PBXFileReference; lastKnownFileType = file.xib; path = TableReceiptViewCell.xib; sourceTree = "<group>"; };
		D1D2B76F27F0AB66005E7C8D /* ReceiptRecordManager.swift */ = {isa = PBXFileReference; fileEncoding = 4; lastKnownFileType = sourcecode.swift; path = ReceiptRecordManager.swift; sourceTree = "<group>"; };
		D1D2B77027F0AB66005E7C8D /* FirebaseManager.swift */ = {isa = PBXFileReference; fileEncoding = 4; lastKnownFileType = sourcecode.swift; path = FirebaseManager.swift; sourceTree = "<group>"; };
		D1D2B77427F0AB8A005E7C8D /* Logging.swift */ = {isa = PBXFileReference; fileEncoding = 4; lastKnownFileType = sourcecode.swift; path = Logging.swift; sourceTree = "<group>"; };
		D1D2B77527F0AB8A005E7C8D /* NotionSecureRequest.swift */ = {isa = PBXFileReference; fileEncoding = 4; lastKnownFileType = sourcecode.swift; path = NotionSecureRequest.swift; sourceTree = "<group>"; };
		D1D2B77627F0AB8A005E7C8D /* NotionService.swift */ = {isa = PBXFileReference; fileEncoding = 4; lastKnownFileType = sourcecode.swift; path = NotionService.swift; sourceTree = "<group>"; };
		D1D2B77727F0AB8A005E7C8D /* FirebaseService.swift */ = {isa = PBXFileReference; fileEncoding = 4; lastKnownFileType = sourcecode.swift; path = FirebaseService.swift; sourceTree = "<group>"; };
		D1D2B77827F0AB8A005E7C8D /* Preference.swift */ = {isa = PBXFileReference; fileEncoding = 4; lastKnownFileType = sourcecode.swift; path = Preference.swift; sourceTree = "<group>"; };
		D1D2B77A27F0AB8A005E7C8D /* ReceiptRecord.swift */ = {isa = PBXFileReference; fileEncoding = 4; lastKnownFileType = sourcecode.swift; path = ReceiptRecord.swift; sourceTree = "<group>"; };
		D1D2B77B27F0AB8A005E7C8D /* Database.swift */ = {isa = PBXFileReference; fileEncoding = 4; lastKnownFileType = sourcecode.swift; path = Database.swift; sourceTree = "<group>"; };
		D1D2B77C27F0AB8A005E7C8D /* Filter.swift */ = {isa = PBXFileReference; fileEncoding = 4; lastKnownFileType = sourcecode.swift; path = Filter.swift; sourceTree = "<group>"; };
		D1D2B78B27F0ABD5005E7C8D /* String.swift */ = {isa = PBXFileReference; fileEncoding = 4; lastKnownFileType = sourcecode.swift; path = String.swift; sourceTree = "<group>"; };
		D1D2B78C27F0ABD5005E7C8D /* UIImage.swift */ = {isa = PBXFileReference; fileEncoding = 4; lastKnownFileType = sourcecode.swift; path = UIImage.swift; sourceTree = "<group>"; };
		D1D2B79127F19CA8005E7C8D /* GoogleService-Info.plist */ = {isa = PBXFileReference; lastKnownFileType = text.plist.xml; path = "GoogleService-Info.plist"; sourceTree = SOURCE_ROOT; };
		D1D2B79427F19F3A005E7C8D /* DatabaseVM.swift */ = {isa = PBXFileReference; lastKnownFileType = sourcecode.swift; path = DatabaseVM.swift; sourceTree = "<group>"; };
		D1D2B79627F1B2D6005E7C8D /* ReceiptRecordVM.swift */ = {isa = PBXFileReference; lastKnownFileType = sourcecode.swift; path = ReceiptRecordVM.swift; sourceTree = "<group>"; };
		D1DBE19127F3176D00A1BEAA /* UIView.swift */ = {isa = PBXFileReference; lastKnownFileType = sourcecode.swift; path = UIView.swift; sourceTree = "<group>"; };
		D1DBE19327F48DB300A1BEAA /* UIColor.swift */ = {isa = PBXFileReference; lastKnownFileType = sourcecode.swift; path = UIColor.swift; sourceTree = "<group>"; };
		D1DBE19527F4975B00A1BEAA /* AddMainController.swift */ = {isa = PBXFileReference; lastKnownFileType = sourcecode.swift; path = AddMainController.swift; sourceTree = "<group>"; };
		D1DBE19727F49C5400A1BEAA /* AddSubController.swift */ = {isa = PBXFileReference; lastKnownFileType = sourcecode.swift; path = AddSubController.swift; sourceTree = "<group>"; };
		D1DBE19927F4A91900A1BEAA /* HeaderViewCell.swift */ = {isa = PBXFileReference; lastKnownFileType = sourcecode.swift; path = HeaderViewCell.swift; sourceTree = "<group>"; };
		D1DBE19A27F4A91900A1BEAA /* HeaderViewCell.xib */ = {isa = PBXFileReference; lastKnownFileType = file.xib; path = HeaderViewCell.xib; sourceTree = "<group>"; };
		D1DBE19D27F86F2000A1BEAA /* UILabel.swift */ = {isa = PBXFileReference; lastKnownFileType = sourcecode.swift; path = UILabel.swift; sourceTree = "<group>"; };
		D1DBE1A027F8784700A1BEAA /* ColorCode.swift */ = {isa = PBXFileReference; lastKnownFileType = sourcecode.swift; path = ColorCode.swift; sourceTree = "<group>"; };
		D1F85F9027F0A6A4004A1B0C /* ReceiptRecordV4.app */ = {isa = PBXFileReference; explicitFileType = wrapper.application; includeInIndex = 0; path = ReceiptRecordV4.app; sourceTree = BUILT_PRODUCTS_DIR; };
		D1F85F9327F0A6A4004A1B0C /* AppDelegate.swift */ = {isa = PBXFileReference; lastKnownFileType = sourcecode.swift; path = AppDelegate.swift; sourceTree = "<group>"; };
		D1F85F9527F0A6A4004A1B0C /* SceneDelegate.swift */ = {isa = PBXFileReference; lastKnownFileType = sourcecode.swift; path = SceneDelegate.swift; sourceTree = "<group>"; };
		D1F85F9727F0A6A4004A1B0C /* MenuController.swift */ = {isa = PBXFileReference; lastKnownFileType = sourcecode.swift; path = MenuController.swift; sourceTree = "<group>"; };
		D1F85F9F27F0A6A7004A1B0C /* Assets.xcassets */ = {isa = PBXFileReference; lastKnownFileType = folder.assetcatalog; path = Assets.xcassets; sourceTree = "<group>"; };
		D1F85FA427F0A6A7004A1B0C /* Info.plist */ = {isa = PBXFileReference; lastKnownFileType = text.plist.xml; path = Info.plist; sourceTree = "<group>"; };
		D1F85FA927F0A6A7004A1B0C /* ReceiptRecordV4Tests.xctest */ = {isa = PBXFileReference; explicitFileType = wrapper.cfbundle; includeInIndex = 0; path = ReceiptRecordV4Tests.xctest; sourceTree = BUILT_PRODUCTS_DIR; };
		D1F85FAD27F0A6A7004A1B0C /* ReceiptRecordV4Tests.swift */ = {isa = PBXFileReference; lastKnownFileType = sourcecode.swift; path = ReceiptRecordV4Tests.swift; sourceTree = "<group>"; };
		D1F85FB327F0A6A7004A1B0C /* ReceiptRecordV4UITests.xctest */ = {isa = PBXFileReference; explicitFileType = wrapper.cfbundle; includeInIndex = 0; path = ReceiptRecordV4UITests.xctest; sourceTree = BUILT_PRODUCTS_DIR; };
		D1F85FB727F0A6A7004A1B0C /* ReceiptRecordV4UITests.swift */ = {isa = PBXFileReference; lastKnownFileType = sourcecode.swift; path = ReceiptRecordV4UITests.swift; sourceTree = "<group>"; };
		D1F85FB927F0A6A7004A1B0C /* ReceiptRecordV4UITestsLaunchTests.swift */ = {isa = PBXFileReference; lastKnownFileType = sourcecode.swift; path = ReceiptRecordV4UITestsLaunchTests.swift; sourceTree = "<group>"; };
		E6D1FA3E7C47D450EC998BE0 /* Pods-ReceiptRecordV4Tests.release.xcconfig */ = {isa = PBXFileReference; includeInIndex = 1; lastKnownFileType = text.xcconfig; name = "Pods-ReceiptRecordV4Tests.release.xcconfig"; path = "Target Support Files/Pods-ReceiptRecordV4Tests/Pods-ReceiptRecordV4Tests.release.xcconfig"; sourceTree = "<group>"; };
/* End PBXFileReference section */

/* Begin PBXFrameworksBuildPhase section */
		D1F85F8D27F0A6A4004A1B0C /* Frameworks */ = {
			isa = PBXFrameworksBuildPhase;
			buildActionMask = 2147483647;
			files = (
				D172F4672800645B002A72BE /* Pods_ReceiptRecordV4.framework in Frameworks */,
			);
			runOnlyForDeploymentPostprocessing = 0;
		};
		D1F85FA627F0A6A7004A1B0C /* Frameworks */ = {
			isa = PBXFrameworksBuildPhase;
			buildActionMask = 2147483647;
			files = (
				F42DA12A6DD53EDC37B9FD7E /* Pods_ReceiptRecordV4Tests.framework in Frameworks */,
			);
			runOnlyForDeploymentPostprocessing = 0;
		};
		D1F85FB027F0A6A7004A1B0C /* Frameworks */ = {
			isa = PBXFrameworksBuildPhase;
			buildActionMask = 2147483647;
			files = (
				8BDAB554992A8AB212999322 /* Pods_ReceiptRecordV4_ReceiptRecordV4UITests.framework in Frameworks */,
			);
			runOnlyForDeploymentPostprocessing = 0;
		};
/* End PBXFrameworksBuildPhase section */

/* Begin PBXGroup section */
		3C3C77640AE4A11BF1F2E0BC /* Frameworks */ = {
			isa = PBXGroup;
			children = (
				6AB197AB2D60CA4F926A45EA /* Pods_ReceiptRecordV4.framework */,
				24C61D90214FF76A2C33B4A3 /* Pods_ReceiptRecordV4_ReceiptRecordV4UITests.framework */,
				AB7A82B8EB14581B158179A5 /* Pods_ReceiptRecordV4Tests.framework */,
			);
			name = Frameworks;
			sourceTree = "<group>";
		};
		D16F7CEC28105CFF005B8FDC /* Helper */ = {
			isa = PBXGroup;
			children = (
				D16F7CED28105D0E005B8FDC /* OverlayManager.swift */,
			);
			path = Helper;
			sourceTree = "<group>";
		};
		D1AFD3E127F3004B00045AAB /* View */ = {
			isa = PBXGroup;
			children = (
				D1AFD3E227F3017900045AAB /* TableReceiptViewCell.swift */,
				D1AFD3E327F3017900045AAB /* TableReceiptViewCell.xib */,
				D1DBE19927F4A91900A1BEAA /* HeaderViewCell.swift */,
				D1DBE19A27F4A91900A1BEAA /* HeaderViewCell.xib */,
				D1986E1B2803DE76003298FD /* TableReceiptCollectionViewCell.swift */,
				D1986E1C2803DE76003298FD /* TableReceiptCollectionViewCell.xib */,
				D12D19972812ABCC00CD06DA /* MultiSelectInputField.swift */,
			);
			path = View;
			sourceTree = "<group>";
		};
		D1BF75A627F1FCF1002E200E /* Controller */ = {
			isa = PBXGroup;
			children = (
				D1F85F9727F0A6A4004A1B0C /* MenuController.swift */,
				D1AFD3DF27F2EF1F00045AAB /* RoundedTabBarController.swift */,
				D1DBE19527F4975B00A1BEAA /* AddMainController.swift */,
				D1DBE19727F49C5400A1BEAA /* AddSubController.swift */,
				D1986E1F280471BF003298FD /* DetailVC.swift */,
				D1986E21280476DD003298FD /* ImageFullScreenVC.swift */,
			);
			path = Controller;
			sourceTree = "<group>";
		};
		D1BF75A727F2C96E002E200E /* Fonts */ = {
			isa = PBXGroup;
			children = (
				D1AFD3D927F2CFFC00045AAB /* Oswald-VariableFont_wght.ttf */,
			);
			path = Fonts;
			sourceTree = "<group>";
		};
		D1D2B76E27F0AB66005E7C8D /* Manager */ = {
			isa = PBXGroup;
			children = (
				D1D2B76F27F0AB66005E7C8D /* ReceiptRecordManager.swift */,
				D1D2B77027F0AB66005E7C8D /* FirebaseManager.swift */,
			);
			path = Manager;
			sourceTree = "<group>";
		};
		D1D2B77327F0AB8A005E7C8D /* Service */ = {
			isa = PBXGroup;
			children = (
				D1D2B77427F0AB8A005E7C8D /* Logging.swift */,
				D1D2B77527F0AB8A005E7C8D /* NotionSecureRequest.swift */,
				D1D2B77627F0AB8A005E7C8D /* NotionService.swift */,
				D1D2B77727F0AB8A005E7C8D /* FirebaseService.swift */,
				D1D2B77827F0AB8A005E7C8D /* Preference.swift */,
			);
			path = Service;
			sourceTree = "<group>";
		};
		D1D2B77927F0AB8A005E7C8D /* Model */ = {
			isa = PBXGroup;
			children = (
				D1D2B77A27F0AB8A005E7C8D /* ReceiptRecord.swift */,
				D1D2B77B27F0AB8A005E7C8D /* Database.swift */,
				D1D2B77C27F0AB8A005E7C8D /* Filter.swift */,
			);
			path = Model;
			sourceTree = "<group>";
		};
		D1D2B78A27F0ABD5005E7C8D /* Extension */ = {
			isa = PBXGroup;
			children = (
				D1D2B78B27F0ABD5005E7C8D /* String.swift */,
				D1D2B78C27F0ABD5005E7C8D /* UIImage.swift */,
				D1DBE19127F3176D00A1BEAA /* UIView.swift */,
				D1DBE19327F48DB300A1BEAA /* UIColor.swift */,
				D1DBE19D27F86F2000A1BEAA /* UILabel.swift */,
			);
			name = Extension;
			path = ../../ReceiptRecordV3/ReceiptRecordV3/Extension;
			sourceTree = "<group>";
		};
		D1D2B79327F19F11005E7C8D /* ViewModel */ = {
			isa = PBXGroup;
			children = (
				D1D2B79427F19F3A005E7C8D /* DatabaseVM.swift */,
				D1D2B79627F1B2D6005E7C8D /* ReceiptRecordVM.swift */,
			);
			path = ViewModel;
			sourceTree = "<group>";
		};
		D1DBE19F27F8783B00A1BEAA /* Color */ = {
			isa = PBXGroup;
			children = (
				D1DBE1A027F8784700A1BEAA /* ColorCode.swift */,
			);
			path = Color;
			sourceTree = "<group>";
		};
		D1F85F8727F0A6A4004A1B0C = {
			isa = PBXGroup;
			children = (
				D1F85F9227F0A6A4004A1B0C /* ReceiptRecordV4 */,
				D1F85FAC27F0A6A7004A1B0C /* ReceiptRecordV4Tests */,
				D1F85FB627F0A6A7004A1B0C /* ReceiptRecordV4UITests */,
				D1F85F9127F0A6A4004A1B0C /* Products */,
				F15623A05DBDEB57E2EE43E3 /* Pods */,
				3C3C77640AE4A11BF1F2E0BC /* Frameworks */,
			);
			sourceTree = "<group>";
		};
		D1F85F9127F0A6A4004A1B0C /* Products */ = {
			isa = PBXGroup;
			children = (
				D1F85F9027F0A6A4004A1B0C /* ReceiptRecordV4.app */,
				D1F85FA927F0A6A7004A1B0C /* ReceiptRecordV4Tests.xctest */,
				D1F85FB327F0A6A7004A1B0C /* ReceiptRecordV4UITests.xctest */,
			);
			name = Products;
			sourceTree = "<group>";
		};
		D1F85F9227F0A6A4004A1B0C /* ReceiptRecordV4 */ = {
			isa = PBXGroup;
			children = (
				D16F7CEC28105CFF005B8FDC /* Helper */,
				D1DBE19F27F8783B00A1BEAA /* Color */,
				D1AFD3E127F3004B00045AAB /* View */,
				D1BF75A727F2C96E002E200E /* Fonts */,
				D1BF75A627F1FCF1002E200E /* Controller */,
				D1D2B79327F19F11005E7C8D /* ViewModel */,
				D1D2B78A27F0ABD5005E7C8D /* Extension */,
				D1D2B77927F0AB8A005E7C8D /* Model */,
				D1D2B77327F0AB8A005E7C8D /* Service */,
				D1D2B76E27F0AB66005E7C8D /* Manager */,
				D1F85F9327F0A6A4004A1B0C /* AppDelegate.swift */,
				D1F85F9527F0A6A4004A1B0C /* SceneDelegate.swift */,
				D1AFD3DC27F2D4F000045AAB /* LaunchScreen.storyboard */,
				D1AFD3DB27F2D4F000045AAB /* Main.storyboard */,
				D1D2B79127F19CA8005E7C8D /* GoogleService-Info.plist */,
				D1F85F9F27F0A6A7004A1B0C /* Assets.xcassets */,
				D1F85FA427F0A6A7004A1B0C /* Info.plist */,
			);
			path = ReceiptRecordV4;
			sourceTree = "<group>";
		};
		D1F85FAC27F0A6A7004A1B0C /* ReceiptRecordV4Tests */ = {
			isa = PBXGroup;
			children = (
				D1F85FAD27F0A6A7004A1B0C /* ReceiptRecordV4Tests.swift */,
			);
			path = ReceiptRecordV4Tests;
			sourceTree = "<group>";
		};
		D1F85FB627F0A6A7004A1B0C /* ReceiptRecordV4UITests */ = {
			isa = PBXGroup;
			children = (
				D1F85FB727F0A6A7004A1B0C /* ReceiptRecordV4UITests.swift */,
				D1F85FB927F0A6A7004A1B0C /* ReceiptRecordV4UITestsLaunchTests.swift */,
			);
			path = ReceiptRecordV4UITests;
			sourceTree = "<group>";
		};
		F15623A05DBDEB57E2EE43E3 /* Pods */ = {
			isa = PBXGroup;
			children = (
				309863057F7D1B61BCA979A1 /* Pods-ReceiptRecordV4.debug.xcconfig */,
				87A76A7B694A3F6CB00757B8 /* Pods-ReceiptRecordV4.release.xcconfig */,
				0B2B8214F72D5090BDE3B2BB /* Pods-ReceiptRecordV4-ReceiptRecordV4UITests.debug.xcconfig */,
				7194398D67C81EA959FA3C31 /* Pods-ReceiptRecordV4-ReceiptRecordV4UITests.release.xcconfig */,
				88FF4C983FAE00A9A79619ED /* Pods-ReceiptRecordV4Tests.debug.xcconfig */,
				E6D1FA3E7C47D450EC998BE0 /* Pods-ReceiptRecordV4Tests.release.xcconfig */,
			);
			path = Pods;
			sourceTree = "<group>";
		};
/* End PBXGroup section */

/* Begin PBXNativeTarget section */
		D1F85F8F27F0A6A4004A1B0C /* ReceiptRecordV4 */ = {
			isa = PBXNativeTarget;
			buildConfigurationList = D1F85FBD27F0A6A7004A1B0C /* Build configuration list for PBXNativeTarget "ReceiptRecordV4" */;
			buildPhases = (
				1705C20427ABCFCCC0A2A235 /* [CP] Check Pods Manifest.lock */,
				D1F85F8C27F0A6A4004A1B0C /* Sources */,
				D1F85F8D27F0A6A4004A1B0C /* Frameworks */,
				D1F85F8E27F0A6A4004A1B0C /* Resources */,
				A16BAF6C39EC6FF585865BFD /* [CP] Embed Pods Frameworks */,
			);
			buildRules = (
			);
			dependencies = (
			);
			name = ReceiptRecordV4;
			productName = ReceiptRecordV4;
			productReference = D1F85F9027F0A6A4004A1B0C /* ReceiptRecordV4.app */;
			productType = "com.apple.product-type.application";
		};
		D1F85FA827F0A6A7004A1B0C /* ReceiptRecordV4Tests */ = {
			isa = PBXNativeTarget;
			buildConfigurationList = D1F85FC027F0A6A7004A1B0C /* Build configuration list for PBXNativeTarget "ReceiptRecordV4Tests" */;
			buildPhases = (
				8356E0D493872B2BDA4A6BF2 /* [CP] Check Pods Manifest.lock */,
				D1F85FA527F0A6A7004A1B0C /* Sources */,
				D1F85FA627F0A6A7004A1B0C /* Frameworks */,
				D1F85FA727F0A6A7004A1B0C /* Resources */,
			);
			buildRules = (
			);
			dependencies = (
				D1F85FAB27F0A6A7004A1B0C /* PBXTargetDependency */,
			);
			name = ReceiptRecordV4Tests;
			productName = ReceiptRecordV4Tests;
			productReference = D1F85FA927F0A6A7004A1B0C /* ReceiptRecordV4Tests.xctest */;
			productType = "com.apple.product-type.bundle.unit-test";
		};
		D1F85FB227F0A6A7004A1B0C /* ReceiptRecordV4UITests */ = {
			isa = PBXNativeTarget;
			buildConfigurationList = D1F85FC327F0A6A7004A1B0C /* Build configuration list for PBXNativeTarget "ReceiptRecordV4UITests" */;
			buildPhases = (
				910D75704085A926BD73E1FF /* [CP] Check Pods Manifest.lock */,
				D1F85FAF27F0A6A7004A1B0C /* Sources */,
				D1F85FB027F0A6A7004A1B0C /* Frameworks */,
				D1F85FB127F0A6A7004A1B0C /* Resources */,
				EF1D7D8D3958A1C98211CD66 /* [CP] Embed Pods Frameworks */,
			);
			buildRules = (
			);
			dependencies = (
				D1F85FB527F0A6A7004A1B0C /* PBXTargetDependency */,
			);
			name = ReceiptRecordV4UITests;
			productName = ReceiptRecordV4UITests;
			productReference = D1F85FB327F0A6A7004A1B0C /* ReceiptRecordV4UITests.xctest */;
			productType = "com.apple.product-type.bundle.ui-testing";
		};
/* End PBXNativeTarget section */

/* Begin PBXProject section */
		D1F85F8827F0A6A4004A1B0C /* Project object */ = {
			isa = PBXProject;
			attributes = {
				BuildIndependentTargetsInParallel = 1;
				LastSwiftUpdateCheck = 1330;
				LastUpgradeCheck = 1330;
				TargetAttributes = {
					D1F85F8F27F0A6A4004A1B0C = {
						CreatedOnToolsVersion = 13.3;
					};
					D1F85FA827F0A6A7004A1B0C = {
						CreatedOnToolsVersion = 13.3;
						TestTargetID = D1F85F8F27F0A6A4004A1B0C;
					};
					D1F85FB227F0A6A7004A1B0C = {
						CreatedOnToolsVersion = 13.3;
						TestTargetID = D1F85F8F27F0A6A4004A1B0C;
					};
				};
			};
			buildConfigurationList = D1F85F8B27F0A6A4004A1B0C /* Build configuration list for PBXProject "ReceiptRecordV4" */;
			compatibilityVersion = "Xcode 13.0";
			developmentRegion = en;
			hasScannedForEncodings = 0;
			knownRegions = (
				en,
			);
			mainGroup = D1F85F8727F0A6A4004A1B0C;
			productRefGroup = D1F85F9127F0A6A4004A1B0C /* Products */;
			projectDirPath = "";
			projectRoot = "";
			targets = (
				D1F85F8F27F0A6A4004A1B0C /* ReceiptRecordV4 */,
				D1F85FA827F0A6A7004A1B0C /* ReceiptRecordV4Tests */,
				D1F85FB227F0A6A7004A1B0C /* ReceiptRecordV4UITests */,
			);
		};
/* End PBXProject section */

/* Begin PBXResourcesBuildPhase section */
		D1F85F8E27F0A6A4004A1B0C /* Resources */ = {
			isa = PBXResourcesBuildPhase;
			buildActionMask = 2147483647;
			files = (
				D1AFD3E527F3017900045AAB /* TableReceiptViewCell.xib in Resources */,
				D1F85FA027F0A6A7004A1B0C /* Assets.xcassets in Resources */,
				D1AFD3DA27F2CFFC00045AAB /* Oswald-VariableFont_wght.ttf in Resources */,
				D1D2B79227F19CA8005E7C8D /* GoogleService-Info.plist in Resources */,
				D1AFD3DE27F2D4F000045AAB /* LaunchScreen.storyboard in Resources */,
				D1AFD3DD27F2D4F000045AAB /* Main.storyboard in Resources */,
				D1986E1E2803DE76003298FD /* TableReceiptCollectionViewCell.xib in Resources */,
				D1DBE19C27F4A91900A1BEAA /* HeaderViewCell.xib in Resources */,
			);
			runOnlyForDeploymentPostprocessing = 0;
		};
		D1F85FA727F0A6A7004A1B0C /* Resources */ = {
			isa = PBXResourcesBuildPhase;
			buildActionMask = 2147483647;
			files = (
			);
			runOnlyForDeploymentPostprocessing = 0;
		};
		D1F85FB127F0A6A7004A1B0C /* Resources */ = {
			isa = PBXResourcesBuildPhase;
			buildActionMask = 2147483647;
			files = (
			);
			runOnlyForDeploymentPostprocessing = 0;
		};
/* End PBXResourcesBuildPhase section */

/* Begin PBXShellScriptBuildPhase section */
		1705C20427ABCFCCC0A2A235 /* [CP] Check Pods Manifest.lock */ = {
			isa = PBXShellScriptBuildPhase;
			buildActionMask = 2147483647;
			files = (
			);
			inputFileListPaths = (
			);
			inputPaths = (
				"${PODS_PODFILE_DIR_PATH}/Podfile.lock",
				"${PODS_ROOT}/Manifest.lock",
			);
			name = "[CP] Check Pods Manifest.lock";
			outputFileListPaths = (
			);
			outputPaths = (
				"$(DERIVED_FILE_DIR)/Pods-ReceiptRecordV4-checkManifestLockResult.txt",
			);
			runOnlyForDeploymentPostprocessing = 0;
			shellPath = /bin/sh;
			shellScript = "diff \"${PODS_PODFILE_DIR_PATH}/Podfile.lock\" \"${PODS_ROOT}/Manifest.lock\" > /dev/null\nif [ $? != 0 ] ; then\n    # print error to STDERR\n    echo \"error: The sandbox is not in sync with the Podfile.lock. Run 'pod install' or update your CocoaPods installation.\" >&2\n    exit 1\nfi\n# This output is used by Xcode 'outputs' to avoid re-running this script phase.\necho \"SUCCESS\" > \"${SCRIPT_OUTPUT_FILE_0}\"\n";
			showEnvVarsInLog = 0;
		};
		8356E0D493872B2BDA4A6BF2 /* [CP] Check Pods Manifest.lock */ = {
			isa = PBXShellScriptBuildPhase;
			buildActionMask = 2147483647;
			files = (
			);
			inputFileListPaths = (
			);
			inputPaths = (
				"${PODS_PODFILE_DIR_PATH}/Podfile.lock",
				"${PODS_ROOT}/Manifest.lock",
			);
			name = "[CP] Check Pods Manifest.lock";
			outputFileListPaths = (
			);
			outputPaths = (
				"$(DERIVED_FILE_DIR)/Pods-ReceiptRecordV4Tests-checkManifestLockResult.txt",
			);
			runOnlyForDeploymentPostprocessing = 0;
			shellPath = /bin/sh;
			shellScript = "diff \"${PODS_PODFILE_DIR_PATH}/Podfile.lock\" \"${PODS_ROOT}/Manifest.lock\" > /dev/null\nif [ $? != 0 ] ; then\n    # print error to STDERR\n    echo \"error: The sandbox is not in sync with the Podfile.lock. Run 'pod install' or update your CocoaPods installation.\" >&2\n    exit 1\nfi\n# This output is used by Xcode 'outputs' to avoid re-running this script phase.\necho \"SUCCESS\" > \"${SCRIPT_OUTPUT_FILE_0}\"\n";
			showEnvVarsInLog = 0;
		};
		910D75704085A926BD73E1FF /* [CP] Check Pods Manifest.lock */ = {
			isa = PBXShellScriptBuildPhase;
			buildActionMask = 2147483647;
			files = (
			);
			inputFileListPaths = (
			);
			inputPaths = (
				"${PODS_PODFILE_DIR_PATH}/Podfile.lock",
				"${PODS_ROOT}/Manifest.lock",
			);
			name = "[CP] Check Pods Manifest.lock";
			outputFileListPaths = (
			);
			outputPaths = (
				"$(DERIVED_FILE_DIR)/Pods-ReceiptRecordV4-ReceiptRecordV4UITests-checkManifestLockResult.txt",
			);
			runOnlyForDeploymentPostprocessing = 0;
			shellPath = /bin/sh;
			shellScript = "diff \"${PODS_PODFILE_DIR_PATH}/Podfile.lock\" \"${PODS_ROOT}/Manifest.lock\" > /dev/null\nif [ $? != 0 ] ; then\n    # print error to STDERR\n    echo \"error: The sandbox is not in sync with the Podfile.lock. Run 'pod install' or update your CocoaPods installation.\" >&2\n    exit 1\nfi\n# This output is used by Xcode 'outputs' to avoid re-running this script phase.\necho \"SUCCESS\" > \"${SCRIPT_OUTPUT_FILE_0}\"\n";
			showEnvVarsInLog = 0;
		};
		A16BAF6C39EC6FF585865BFD /* [CP] Embed Pods Frameworks */ = {
			isa = PBXShellScriptBuildPhase;
			buildActionMask = 2147483647;
			files = (
			);
			inputFileListPaths = (
				"${PODS_ROOT}/Target Support Files/Pods-ReceiptRecordV4/Pods-ReceiptRecordV4-frameworks-${CONFIGURATION}-input-files.xcfilelist",
			);
			name = "[CP] Embed Pods Frameworks";
			outputFileListPaths = (
				"${PODS_ROOT}/Target Support Files/Pods-ReceiptRecordV4/Pods-ReceiptRecordV4-frameworks-${CONFIGURATION}-output-files.xcfilelist",
			);
			runOnlyForDeploymentPostprocessing = 0;
			shellPath = /bin/sh;
			shellScript = "\"${PODS_ROOT}/Target Support Files/Pods-ReceiptRecordV4/Pods-ReceiptRecordV4-frameworks.sh\"\n";
			showEnvVarsInLog = 0;
		};
		EF1D7D8D3958A1C98211CD66 /* [CP] Embed Pods Frameworks */ = {
			isa = PBXShellScriptBuildPhase;
			buildActionMask = 2147483647;
			files = (
			);
			inputFileListPaths = (
				"${PODS_ROOT}/Target Support Files/Pods-ReceiptRecordV4-ReceiptRecordV4UITests/Pods-ReceiptRecordV4-ReceiptRecordV4UITests-frameworks-${CONFIGURATION}-input-files.xcfilelist",
			);
			name = "[CP] Embed Pods Frameworks";
			outputFileListPaths = (
				"${PODS_ROOT}/Target Support Files/Pods-ReceiptRecordV4-ReceiptRecordV4UITests/Pods-ReceiptRecordV4-ReceiptRecordV4UITests-frameworks-${CONFIGURATION}-output-files.xcfilelist",
			);
			runOnlyForDeploymentPostprocessing = 0;
			shellPath = /bin/sh;
			shellScript = "\"${PODS_ROOT}/Target Support Files/Pods-ReceiptRecordV4-ReceiptRecordV4UITests/Pods-ReceiptRecordV4-ReceiptRecordV4UITests-frameworks.sh\"\n";
			showEnvVarsInLog = 0;
		};
/* End PBXShellScriptBuildPhase section */

/* Begin PBXSourcesBuildPhase section */
		D1F85F8C27F0A6A4004A1B0C /* Sources */ = {
			isa = PBXSourcesBuildPhase;
			buildActionMask = 2147483647;
			files = (
				D1DBE19827F49C5400A1BEAA /* AddSubController.swift in Sources */,
				D1DBE19227F3176D00A1BEAA /* UIView.swift in Sources */,
				D16F7CEE28105D0E005B8FDC /* OverlayManager.swift in Sources */,
				D1DBE19427F48DB300A1BEAA /* UIColor.swift in Sources */,
				D1DBE19B27F4A91900A1BEAA /* HeaderViewCell.swift in Sources */,
				D1DBE19627F4975B00A1BEAA /* AddMainController.swift in Sources */,
				D1DBE19E27F86F2000A1BEAA /* UILabel.swift in Sources */,
				D1D2B77227F0AB66005E7C8D /* FirebaseManager.swift in Sources */,
				D1D2B79727F1B2D6005E7C8D /* ReceiptRecordVM.swift in Sources */,
				D1D2B77F27F0AB8A005E7C8D /* NotionService.swift in Sources */,
				D1AFD3E427F3017900045AAB /* TableReceiptViewCell.swift in Sources */,
				D1D2B77127F0AB66005E7C8D /* ReceiptRecordManager.swift in Sources */,
				D1986E22280476DD003298FD /* ImageFullScreenVC.swift in Sources */,
				D1D2B79527F19F3A005E7C8D /* DatabaseVM.swift in Sources */,
				D12D19982812ABCC00CD06DA /* MultiSelectInputField.swift in Sources */,
				D1D2B77E27F0AB8A005E7C8D /* NotionSecureRequest.swift in Sources */,
				D1986E1D2803DE76003298FD /* TableReceiptCollectionViewCell.swift in Sources */,
				D1D2B78227F0AB8A005E7C8D /* ReceiptRecord.swift in Sources */,
				D1AFD3E027F2EF1F00045AAB /* RoundedTabBarController.swift in Sources */,
				D1D2B78127F0AB8A005E7C8D /* Preference.swift in Sources */,
				D1D2B78427F0AB8A005E7C8D /* Filter.swift in Sources */,
				D1D2B77D27F0AB8A005E7C8D /* Logging.swift in Sources */,
				D1DBE1A127F8784700A1BEAA /* ColorCode.swift in Sources */,
				D1D2B78E27F0ABD5005E7C8D /* UIImage.swift in Sources */,
				D1D2B78027F0AB8A005E7C8D /* FirebaseService.swift in Sources */,
				D1F85F9427F0A6A4004A1B0C /* AppDelegate.swift in Sources */,
				D1D2B76927F0AAC4005E7C8D /* MenuController.swift in Sources */,
				D1D2B78D27F0ABD5005E7C8D /* String.swift in Sources */,
				D1D2B78327F0AB8A005E7C8D /* Database.swift in Sources */,
				D1F85F9627F0A6A4004A1B0C /* SceneDelegate.swift in Sources */,
				D1986E20280471BF003298FD /* DetailVC.swift in Sources */,
			);
			runOnlyForDeploymentPostprocessing = 0;
		};
		D1F85FA527F0A6A7004A1B0C /* Sources */ = {
			isa = PBXSourcesBuildPhase;
			buildActionMask = 2147483647;
			files = (
				D1F85FAE27F0A6A7004A1B0C /* ReceiptRecordV4Tests.swift in Sources */,
			);
			runOnlyForDeploymentPostprocessing = 0;
		};
		D1F85FAF27F0A6A7004A1B0C /* Sources */ = {
			isa = PBXSourcesBuildPhase;
			buildActionMask = 2147483647;
			files = (
				D1F85FBA27F0A6A7004A1B0C /* ReceiptRecordV4UITestsLaunchTests.swift in Sources */,
				D1F85FB827F0A6A7004A1B0C /* ReceiptRecordV4UITests.swift in Sources */,
			);
			runOnlyForDeploymentPostprocessing = 0;
		};
/* End PBXSourcesBuildPhase section */

/* Begin PBXTargetDependency section */
		D1F85FAB27F0A6A7004A1B0C /* PBXTargetDependency */ = {
			isa = PBXTargetDependency;
			target = D1F85F8F27F0A6A4004A1B0C /* ReceiptRecordV4 */;
			targetProxy = D1F85FAA27F0A6A7004A1B0C /* PBXContainerItemProxy */;
		};
		D1F85FB527F0A6A7004A1B0C /* PBXTargetDependency */ = {
			isa = PBXTargetDependency;
			target = D1F85F8F27F0A6A4004A1B0C /* ReceiptRecordV4 */;
			targetProxy = D1F85FB427F0A6A7004A1B0C /* PBXContainerItemProxy */;
		};
/* End PBXTargetDependency section */

/* Begin XCBuildConfiguration section */
		D1F85FBB27F0A6A7004A1B0C /* Debug */ = {
			isa = XCBuildConfiguration;
			buildSettings = {
				ALWAYS_SEARCH_USER_PATHS = NO;
				CLANG_ANALYZER_NONNULL = YES;
				CLANG_ANALYZER_NUMBER_OBJECT_CONVERSION = YES_AGGRESSIVE;
				CLANG_CXX_LANGUAGE_STANDARD = "gnu++17";
				CLANG_ENABLE_MODULES = YES;
				CLANG_ENABLE_OBJC_ARC = YES;
				CLANG_ENABLE_OBJC_WEAK = YES;
				CLANG_WARN_BLOCK_CAPTURE_AUTORELEASING = YES;
				CLANG_WARN_BOOL_CONVERSION = YES;
				CLANG_WARN_COMMA = YES;
				CLANG_WARN_CONSTANT_CONVERSION = YES;
				CLANG_WARN_DEPRECATED_OBJC_IMPLEMENTATIONS = YES;
				CLANG_WARN_DIRECT_OBJC_ISA_USAGE = YES_ERROR;
				CLANG_WARN_DOCUMENTATION_COMMENTS = YES;
				CLANG_WARN_EMPTY_BODY = YES;
				CLANG_WARN_ENUM_CONVERSION = YES;
				CLANG_WARN_INFINITE_RECURSION = YES;
				CLANG_WARN_INT_CONVERSION = YES;
				CLANG_WARN_NON_LITERAL_NULL_CONVERSION = YES;
				CLANG_WARN_OBJC_IMPLICIT_RETAIN_SELF = YES;
				CLANG_WARN_OBJC_LITERAL_CONVERSION = YES;
				CLANG_WARN_OBJC_ROOT_CLASS = YES_ERROR;
				CLANG_WARN_QUOTED_INCLUDE_IN_FRAMEWORK_HEADER = YES;
				CLANG_WARN_RANGE_LOOP_ANALYSIS = YES;
				CLANG_WARN_STRICT_PROTOTYPES = YES;
				CLANG_WARN_SUSPICIOUS_MOVE = YES;
				CLANG_WARN_UNGUARDED_AVAILABILITY = YES_AGGRESSIVE;
				CLANG_WARN_UNREACHABLE_CODE = YES;
				CLANG_WARN__DUPLICATE_METHOD_MATCH = YES;
				COPY_PHASE_STRIP = NO;
				DEBUG_INFORMATION_FORMAT = dwarf;
				ENABLE_STRICT_OBJC_MSGSEND = YES;
				ENABLE_TESTABILITY = YES;
				GCC_C_LANGUAGE_STANDARD = gnu11;
				GCC_DYNAMIC_NO_PIC = NO;
				GCC_NO_COMMON_BLOCKS = YES;
				GCC_OPTIMIZATION_LEVEL = 0;
				GCC_PREPROCESSOR_DEFINITIONS = (
					"DEBUG=1",
					"$(inherited)",
				);
				GCC_WARN_64_TO_32_BIT_CONVERSION = YES;
				GCC_WARN_ABOUT_RETURN_TYPE = YES_ERROR;
				GCC_WARN_UNDECLARED_SELECTOR = YES;
				GCC_WARN_UNINITIALIZED_AUTOS = YES_AGGRESSIVE;
				GCC_WARN_UNUSED_FUNCTION = YES;
				GCC_WARN_UNUSED_VARIABLE = YES;
				IPHONEOS_DEPLOYMENT_TARGET = 15.4;
				MTL_ENABLE_DEBUG_INFO = INCLUDE_SOURCE;
				MTL_FAST_MATH = YES;
				ONLY_ACTIVE_ARCH = YES;
				SDKROOT = iphoneos;
				SWIFT_ACTIVE_COMPILATION_CONDITIONS = DEBUG;
				SWIFT_OPTIMIZATION_LEVEL = "-Onone";
			};
			name = Debug;
		};
		D1F85FBC27F0A6A7004A1B0C /* Release */ = {
			isa = XCBuildConfiguration;
			buildSettings = {
				ALWAYS_SEARCH_USER_PATHS = NO;
				CLANG_ANALYZER_NONNULL = YES;
				CLANG_ANALYZER_NUMBER_OBJECT_CONVERSION = YES_AGGRESSIVE;
				CLANG_CXX_LANGUAGE_STANDARD = "gnu++17";
				CLANG_ENABLE_MODULES = YES;
				CLANG_ENABLE_OBJC_ARC = YES;
				CLANG_ENABLE_OBJC_WEAK = YES;
				CLANG_WARN_BLOCK_CAPTURE_AUTORELEASING = YES;
				CLANG_WARN_BOOL_CONVERSION = YES;
				CLANG_WARN_COMMA = YES;
				CLANG_WARN_CONSTANT_CONVERSION = YES;
				CLANG_WARN_DEPRECATED_OBJC_IMPLEMENTATIONS = YES;
				CLANG_WARN_DIRECT_OBJC_ISA_USAGE = YES_ERROR;
				CLANG_WARN_DOCUMENTATION_COMMENTS = YES;
				CLANG_WARN_EMPTY_BODY = YES;
				CLANG_WARN_ENUM_CONVERSION = YES;
				CLANG_WARN_INFINITE_RECURSION = YES;
				CLANG_WARN_INT_CONVERSION = YES;
				CLANG_WARN_NON_LITERAL_NULL_CONVERSION = YES;
				CLANG_WARN_OBJC_IMPLICIT_RETAIN_SELF = YES;
				CLANG_WARN_OBJC_LITERAL_CONVERSION = YES;
				CLANG_WARN_OBJC_ROOT_CLASS = YES_ERROR;
				CLANG_WARN_QUOTED_INCLUDE_IN_FRAMEWORK_HEADER = YES;
				CLANG_WARN_RANGE_LOOP_ANALYSIS = YES;
				CLANG_WARN_STRICT_PROTOTYPES = YES;
				CLANG_WARN_SUSPICIOUS_MOVE = YES;
				CLANG_WARN_UNGUARDED_AVAILABILITY = YES_AGGRESSIVE;
				CLANG_WARN_UNREACHABLE_CODE = YES;
				CLANG_WARN__DUPLICATE_METHOD_MATCH = YES;
				COPY_PHASE_STRIP = NO;
				DEBUG_INFORMATION_FORMAT = "dwarf-with-dsym";
				ENABLE_NS_ASSERTIONS = NO;
				ENABLE_STRICT_OBJC_MSGSEND = YES;
				GCC_C_LANGUAGE_STANDARD = gnu11;
				GCC_NO_COMMON_BLOCKS = YES;
				GCC_WARN_64_TO_32_BIT_CONVERSION = YES;
				GCC_WARN_ABOUT_RETURN_TYPE = YES_ERROR;
				GCC_WARN_UNDECLARED_SELECTOR = YES;
				GCC_WARN_UNINITIALIZED_AUTOS = YES_AGGRESSIVE;
				GCC_WARN_UNUSED_FUNCTION = YES;
				GCC_WARN_UNUSED_VARIABLE = YES;
				IPHONEOS_DEPLOYMENT_TARGET = 15.4;
				MTL_ENABLE_DEBUG_INFO = NO;
				MTL_FAST_MATH = YES;
				SDKROOT = iphoneos;
				SWIFT_COMPILATION_MODE = wholemodule;
				SWIFT_OPTIMIZATION_LEVEL = "-O";
				VALIDATE_PRODUCT = YES;
			};
			name = Release;
		};
		D1F85FBE27F0A6A7004A1B0C /* Debug */ = {
			isa = XCBuildConfiguration;
			baseConfigurationReference = 309863057F7D1B61BCA979A1 /* Pods-ReceiptRecordV4.debug.xcconfig */;
			buildSettings = {
				ASSETCATALOG_COMPILER_APPICON_NAME = AppIcon;
				ASSETCATALOG_COMPILER_GLOBAL_ACCENT_COLOR_NAME = AccentColor;
				CODE_SIGN_IDENTITY = "Apple Development";
				CODE_SIGN_STYLE = Automatic;
				CURRENT_PROJECT_VERSION = 1;
				DEVELOPMENT_TEAM = 53943NA4G8;
				GENERATE_INFOPLIST_FILE = YES;
				INFOPLIST_FILE = ReceiptRecordV4/Info.plist;
				INFOPLIST_KEY_NSCameraUsageDescription = "Request for scanning receipts";
				INFOPLIST_KEY_UIApplicationSupportsIndirectInputEvents = YES;
				INFOPLIST_KEY_UILaunchStoryboardName = LaunchScreen;
				INFOPLIST_KEY_UIMainStoryboardFile = Main;
				INFOPLIST_KEY_UISupportedInterfaceOrientations_iPad = "UIInterfaceOrientationPortrait UIInterfaceOrientationPortraitUpsideDown UIInterfaceOrientationLandscapeLeft UIInterfaceOrientationLandscapeRight";
				INFOPLIST_KEY_UISupportedInterfaceOrientations_iPhone = "UIInterfaceOrientationPortrait UIInterfaceOrientationLandscapeLeft UIInterfaceOrientationLandscapeRight";
				LD_RUNPATH_SEARCH_PATHS = (
					"$(inherited)",
					"@executable_path/Frameworks",
				);
				MARKETING_VERSION = 1.0;
				PRODUCT_BUNDLE_IDENTIFIER = flyingpigs.ReceiptRecordV4;
				PRODUCT_NAME = "$(TARGET_NAME)";
				PROVISIONING_PROFILE_SPECIFIER = "";
				SWIFT_EMIT_LOC_STRINGS = YES;
				SWIFT_VERSION = 5.0;
				TARGETED_DEVICE_FAMILY = "1,2";
			};
			name = Debug;
		};
		D1F85FBF27F0A6A7004A1B0C /* Release */ = {
			isa = XCBuildConfiguration;
			baseConfigurationReference = 87A76A7B694A3F6CB00757B8 /* Pods-ReceiptRecordV4.release.xcconfig */;
			buildSettings = {
				ASSETCATALOG_COMPILER_APPICON_NAME = AppIcon;
				ASSETCATALOG_COMPILER_GLOBAL_ACCENT_COLOR_NAME = AccentColor;
				CODE_SIGN_IDENTITY = "Apple Development";
				CODE_SIGN_STYLE = Automatic;
				CURRENT_PROJECT_VERSION = 1;
				DEVELOPMENT_TEAM = 53943NA4G8;
				GENERATE_INFOPLIST_FILE = YES;
				INFOPLIST_FILE = ReceiptRecordV4/Info.plist;
				INFOPLIST_KEY_NSCameraUsageDescription = "Request for scanning receipts";
				INFOPLIST_KEY_UIApplicationSupportsIndirectInputEvents = YES;
				INFOPLIST_KEY_UILaunchStoryboardName = LaunchScreen;
				INFOPLIST_KEY_UIMainStoryboardFile = Main;
				INFOPLIST_KEY_UISupportedInterfaceOrientations_iPad = "UIInterfaceOrientationPortrait UIInterfaceOrientationPortraitUpsideDown UIInterfaceOrientationLandscapeLeft UIInterfaceOrientationLandscapeRight";
				INFOPLIST_KEY_UISupportedInterfaceOrientations_iPhone = "UIInterfaceOrientationPortrait UIInterfaceOrientationLandscapeLeft UIInterfaceOrientationLandscapeRight";
				LD_RUNPATH_SEARCH_PATHS = (
					"$(inherited)",
					"@executable_path/Frameworks",
				);
				MARKETING_VERSION = 1.0;
				PRODUCT_BUNDLE_IDENTIFIER = flyingpigs.ReceiptRecordV4;
				PRODUCT_NAME = "$(TARGET_NAME)";
				PROVISIONING_PROFILE_SPECIFIER = "";
				SWIFT_EMIT_LOC_STRINGS = YES;
				SWIFT_VERSION = 5.0;
				TARGETED_DEVICE_FAMILY = "1,2";
			};
			name = Release;
		};
		D1F85FC127F0A6A7004A1B0C /* Debug */ = {
			isa = XCBuildConfiguration;
			baseConfigurationReference = 88FF4C983FAE00A9A79619ED /* Pods-ReceiptRecordV4Tests.debug.xcconfig */;
			buildSettings = {
				ALWAYS_EMBED_SWIFT_STANDARD_LIBRARIES = YES;
				BUNDLE_LOADER = "$(TEST_HOST)";
				CODE_SIGN_STYLE = Automatic;
				CURRENT_PROJECT_VERSION = 1;
				DEVELOPMENT_TEAM = 53943NA4G8;
				GENERATE_INFOPLIST_FILE = YES;
				IPHONEOS_DEPLOYMENT_TARGET = 15.4;
				MARKETING_VERSION = 1.0;
				PRODUCT_BUNDLE_IDENTIFIER = flyingpigs.ReceiptRecordV4Tests;
				PRODUCT_NAME = "$(TARGET_NAME)";
				SWIFT_EMIT_LOC_STRINGS = NO;
				SWIFT_VERSION = 5.0;
				TARGETED_DEVICE_FAMILY = "1,2";
				TEST_HOST = "$(BUILT_PRODUCTS_DIR)/ReceiptRecordV4.app/ReceiptRecordV4";
			};
			name = Debug;
		};
		D1F85FC227F0A6A7004A1B0C /* Release */ = {
			isa = XCBuildConfiguration;
			baseConfigurationReference = E6D1FA3E7C47D450EC998BE0 /* Pods-ReceiptRecordV4Tests.release.xcconfig */;
			buildSettings = {
				ALWAYS_EMBED_SWIFT_STANDARD_LIBRARIES = YES;
				BUNDLE_LOADER = "$(TEST_HOST)";
				CODE_SIGN_STYLE = Automatic;
				CURRENT_PROJECT_VERSION = 1;
				DEVELOPMENT_TEAM = 53943NA4G8;
				GENERATE_INFOPLIST_FILE = YES;
				IPHONEOS_DEPLOYMENT_TARGET = 15.4;
				MARKETING_VERSION = 1.0;
				PRODUCT_BUNDLE_IDENTIFIER = flyingpigs.ReceiptRecordV4Tests;
				PRODUCT_NAME = "$(TARGET_NAME)";
				SWIFT_EMIT_LOC_STRINGS = NO;
				SWIFT_VERSION = 5.0;
				TARGETED_DEVICE_FAMILY = "1,2";
				TEST_HOST = "$(BUILT_PRODUCTS_DIR)/ReceiptRecordV4.app/ReceiptRecordV4";
			};
			name = Release;
		};
		D1F85FC427F0A6A7004A1B0C /* Debug */ = {
			isa = XCBuildConfiguration;
			baseConfigurationReference = 0B2B8214F72D5090BDE3B2BB /* Pods-ReceiptRecordV4-ReceiptRecordV4UITests.debug.xcconfig */;
			buildSettings = {
				ALWAYS_EMBED_SWIFT_STANDARD_LIBRARIES = YES;
				CODE_SIGN_STYLE = Automatic;
				CURRENT_PROJECT_VERSION = 1;
				DEVELOPMENT_TEAM = 53943NA4G8;
				GENERATE_INFOPLIST_FILE = YES;
				MARKETING_VERSION = 1.0;
				PRODUCT_BUNDLE_IDENTIFIER = flyingpigs.ReceiptRecordV4UITests;
				PRODUCT_NAME = "$(TARGET_NAME)";
				SWIFT_EMIT_LOC_STRINGS = NO;
				SWIFT_VERSION = 5.0;
				TARGETED_DEVICE_FAMILY = "1,2";
				TEST_TARGET_NAME = ReceiptRecordV4;
			};
			name = Debug;
		};
		D1F85FC527F0A6A7004A1B0C /* Release */ = {
			isa = XCBuildConfiguration;
			baseConfigurationReference = 7194398D67C81EA959FA3C31 /* Pods-ReceiptRecordV4-ReceiptRecordV4UITests.release.xcconfig */;
			buildSettings = {
				ALWAYS_EMBED_SWIFT_STANDARD_LIBRARIES = YES;
				CODE_SIGN_STYLE = Automatic;
				CURRENT_PROJECT_VERSION = 1;
				DEVELOPMENT_TEAM = 53943NA4G8;
				GENERATE_INFOPLIST_FILE = YES;
				MARKETING_VERSION = 1.0;
				PRODUCT_BUNDLE_IDENTIFIER = flyingpigs.ReceiptRecordV4UITests;
				PRODUCT_NAME = "$(TARGET_NAME)";
				SWIFT_EMIT_LOC_STRINGS = NO;
				SWIFT_VERSION = 5.0;
				TARGETED_DEVICE_FAMILY = "1,2";
				TEST_TARGET_NAME = ReceiptRecordV4;
			};
			name = Release;
		};
/* End XCBuildConfiguration section */

/* Begin XCConfigurationList section */
		D1F85F8B27F0A6A4004A1B0C /* Build configuration list for PBXProject "ReceiptRecordV4" */ = {
			isa = XCConfigurationList;
			buildConfigurations = (
				D1F85FBB27F0A6A7004A1B0C /* Debug */,
				D1F85FBC27F0A6A7004A1B0C /* Release */,
			);
			defaultConfigurationIsVisible = 0;
			defaultConfigurationName = Release;
		};
		D1F85FBD27F0A6A7004A1B0C /* Build configuration list for PBXNativeTarget "ReceiptRecordV4" */ = {
			isa = XCConfigurationList;
			buildConfigurations = (
				D1F85FBE27F0A6A7004A1B0C /* Debug */,
				D1F85FBF27F0A6A7004A1B0C /* Release */,
			);
			defaultConfigurationIsVisible = 0;
			defaultConfigurationName = Release;
		};
		D1F85FC027F0A6A7004A1B0C /* Build configuration list for PBXNativeTarget "ReceiptRecordV4Tests" */ = {
			isa = XCConfigurationList;
			buildConfigurations = (
				D1F85FC127F0A6A7004A1B0C /* Debug */,
				D1F85FC227F0A6A7004A1B0C /* Release */,
			);
			defaultConfigurationIsVisible = 0;
			defaultConfigurationName = Release;
		};
		D1F85FC327F0A6A7004A1B0C /* Build configuration list for PBXNativeTarget "ReceiptRecordV4UITests" */ = {
			isa = XCConfigurationList;
			buildConfigurations = (
				D1F85FC427F0A6A7004A1B0C /* Debug */,
				D1F85FC527F0A6A7004A1B0C /* Release */,
			);
			defaultConfigurationIsVisible = 0;
			defaultConfigurationName = Release;
		};
/* End XCConfigurationList section */
	};
	rootObject = D1F85F8827F0A6A4004A1B0C /* Project object */;
}
